
Microsoft Visual Studio Solution File, Format Version 12.00
# Visual Studio Version 17
VisualStudioVersion = 17.7.34024.191
MinimumVisualStudioVersion = 10.0.40219.1
Project("{FAE04EC0-301F-11D3-BF4B-00C04F79EFBC}") = "ArraysAndOther", "ArraysAndOther.csproj", "{7C65B4DC-369E-4DE4-9E93-DC2B9BEDE480}"
EndProject
Global
	GlobalSection(SolutionConfigurationPlatforms) = preSolution
		Debug|Any CPU = Debug|Any CPU
		Release|Any CPU = Release|Any CPU
	EndGlobalSection
	GlobalSection(ProjectConfigurationPlatforms) = postSolution
		{7C65B4DC-369E-4DE4-9E93-DC2B9BEDE480}.Debug|Any CPU.ActiveCfg = Debug|Any CPU
		{7C65B4DC-369E-4DE4-9E93-DC2B9BEDE480}.Debug|Any CPU.Build.0 = Debug|Any CPU
		{7C65B4DC-369E-4DE4-9E93-DC2B9BEDE480}.Release|Any CPU.ActiveCfg = Release|Any CPU
		{7C65B4DC-369E-4DE4-9E93-DC2B9BEDE480}.Release|Any CPU.Build.0 = Release|Any CPU
	EndGlobalSection
	GlobalSection(SolutionProperties) = preSolution
		HideSolutionNode = FALSE
	EndGlobalSection
	GlobalSection(ExtensibilityGlobals) = postSolution
		SolutionGuid = {4B7DDABD-A35E-4E54-9642-6B7E2D460EDC}
	EndGlobalSection
EndGlobal
